
Microsoft Visual Studio Solution File, Format Version 12.00
# Visual Studio 15
VisualStudioVersion = 15.0.27130.2024
MinimumVisualStudioVersion = 10.0.40219.1
Project("{FAE04EC0-301F-11D3-BF4B-00C04F79EFBC}") = "ContentType", "ContentType\ContentType.csproj", "{82F858ED-BBF7-468F-BEB9-6C1410640219}"
EndProject
Project("{FAE04EC0-301F-11D3-BF4B-00C04F79EFBC}") = "Host", "Host\Host.csproj", "{996867AF-20C5-40BF-B07D-9247A908D17F}"
EndProject
Project("{FAE04EC0-301F-11D3-BF4B-00C04F79EFBC}") = "CoffeeManagerService", "CoffeemanagerService\CoffeeManagerService.csproj", "{42D963EE-6A71-4308-A77E-8A30ABFE6C12}"
EndProject
Global
	GlobalSection(SolutionConfigurationPlatforms) = preSolution
		Debug|Any CPU = Debug|Any CPU
		Release|Any CPU = Release|Any CPU
	EndGlobalSection
	GlobalSection(ProjectConfigurationPlatforms) = postSolution
		{82F858ED-BBF7-468F-BEB9-6C1410640219}.Debug|Any CPU.ActiveCfg = Debug|Any CPU
		{82F858ED-BBF7-468F-BEB9-6C1410640219}.Debug|Any CPU.Build.0 = Debug|Any CPU
		{82F858ED-BBF7-468F-BEB9-6C1410640219}.Release|Any CPU.ActiveCfg = Release|Any CPU
		{82F858ED-BBF7-468F-BEB9-6C1410640219}.Release|Any CPU.Build.0 = Release|Any CPU
		{996867AF-20C5-40BF-B07D-9247A908D17F}.Debug|Any CPU.ActiveCfg = Debug|Any CPU
		{996867AF-20C5-40BF-B07D-9247A908D17F}.Debug|Any CPU.Build.0 = Debug|Any CPU
		{996867AF-20C5-40BF-B07D-9247A908D17F}.Release|Any CPU.ActiveCfg = Release|Any CPU
		{996867AF-20C5-40BF-B07D-9247A908D17F}.Release|Any CPU.Build.0 = Release|Any CPU
		{42D963EE-6A71-4308-A77E-8A30ABFE6C12}.Debug|Any CPU.ActiveCfg = Debug|Any CPU
		{42D963EE-6A71-4308-A77E-8A30ABFE6C12}.Debug|Any CPU.Build.0 = Debug|Any CPU
		{42D963EE-6A71-4308-A77E-8A30ABFE6C12}.Release|Any CPU.ActiveCfg = Release|Any CPU
		{42D963EE-6A71-4308-A77E-8A30ABFE6C12}.Release|Any CPU.Build.0 = Release|Any CPU
	EndGlobalSection
	GlobalSection(SolutionProperties) = preSolution
		HideSolutionNode = FALSE
	EndGlobalSection
	GlobalSection(ExtensibilityGlobals) = postSolution
		SolutionGuid = {8A4561A1-1B5C-4129-BB06-90073C53ECC4}
	EndGlobalSection
EndGlobal
